#
# This file is autogenerated by pip-compile with Python 3.10
# by the following command:
#
#    pip-compile --output-file=requirements.lock requirements.txt
#
aiohappyeyeballs==2.6.1
    # via aiohttp
aiohttp==3.11.16
    # via langchain-community
aiosignal==1.3.2
    # via aiohttp
annotated-types==0.7.0
    # via pydantic
anyio==4.9.0
    # via httpx
async-timeout==4.0.3
    # via
    #   aiohttp
    #   langchain
    #   redis
attrs==25.3.0
    # via aiohttp
blinker==1.9.0
    # via flask
certifi==2025.1.31
    # via
    #   httpcore
    #   httpx
    #   requests
charset-normalizer==3.4.1
    # via requests
click==8.1.8
    # via
    #   flask
    #   nltk
coloredlogs==15.0.1
    # via redisvl
dataclasses-json==0.6.7
    # via langchain-community
exceptiongroup==1.2.2
    # via anyio
filelock==3.18.0
    # via
    #   huggingface-hub
    #   torch
    #   transformers
flask==3.1.0
    # via
    #   -r requirements.txt
    #   flask-cors
flask-cors==5.0.1
    # via -r requirements.txt
frozenlist==1.5.0
    # via
    #   aiohttp
    #   aiosignal
fsspec==2025.3.2
    # via
    #   huggingface-hub
    #   torch
greenlet==3.1.1
    # via sqlalchemy
h11==0.14.0
    # via httpcore
httpcore==1.0.7
    # via httpx
httpx==0.28.1
    # via langsmith
httpx-sse==0.4.0
    # via langchain-community
huggingface-hub==0.30.2
    # via
    #   langchain-huggingface
    #   sentence-transformers
    #   tokenizers
    #   transformers
humanfriendly==10.0
    # via coloredlogs
idna==3.10
    # via
    #   anyio
    #   httpx
    #   requests
    #   yarl
itsdangerous==2.2.0
    # via flask
jinja2==3.1.6
    # via
    #   flask
    #   torch
joblib==1.4.2
    # via
    #   nltk
    #   scikit-learn
jsonpatch==1.33
    # via langchain-core
jsonpath-ng==1.7.0
    # via redisvl
jsonpointer==3.0.0
    # via jsonpatch
langchain==0.3.23
    # via
    #   -r requirements.txt
    #   langchain-community
langchain-community==0.3.21
    # via -r requirements.txt
langchain-core==0.3.51
    # via
    #   -r requirements.txt
    #   langchain
    #   langchain-community
    #   langchain-huggingface
    #   langchain-text-splitters
langchain-huggingface==0.1.2
    # via -r requirements.txt
langchain-text-splitters==0.3.8
    # via
    #   -r requirements.txt
    #   langchain
langsmith==0.3.28
    # via
    #   -r requirements.txt
    #   langchain
    #   langchain-community
    #   langchain-core
markupsafe==3.0.2
    # via
    #   jinja2
    #   werkzeug
marshmallow==3.26.1
    # via dataclasses-json
ml-dtypes==0.5.1
    # via redisvl
mpmath==1.3.0
    # via sympy
multidict==6.4.2
    # via
    #   aiohttp
    #   yarl
mypy-extensions==1.0.0
    # via typing-inspect
networkx==3.4.2
    # via torch
nltk==3.9.1
    # via -r requirements.txt
numpy==1.26.4
    # via
    #   -r requirements.txt
    #   langchain-community
    #   ml-dtypes
    #   redisvl
    #   scikit-learn
    #   scipy
    #   transformers
nvidia-cublas-cu12==12.4.5.8
    # via
    #   nvidia-cudnn-cu12
    #   nvidia-cusolver-cu12
    #   torch
nvidia-cuda-cupti-cu12==12.4.127
    # via torch
nvidia-cuda-nvrtc-cu12==12.4.127
    # via torch
nvidia-cuda-runtime-cu12==12.4.127
    # via torch
nvidia-cudnn-cu12==9.1.0.70
    # via torch
nvidia-cufft-cu12==11.2.1.3
    # via torch
nvidia-curand-cu12==10.3.5.147
    # via torch
nvidia-cusolver-cu12==11.6.1.9
    # via torch
nvidia-cusparse-cu12==12.3.1.170
    # via
    #   nvidia-cusolver-cu12
    #   torch
nvidia-cusparselt-cu12==0.6.2
    # via torch
nvidia-nccl-cu12==2.21.5
    # via torch
nvidia-nvjitlink-cu12==12.4.127
    # via
    #   nvidia-cusolver-cu12
    #   nvidia-cusparse-cu12
    #   torch
nvidia-nvtx-cu12==12.4.127
    # via torch
orjson==3.10.16
    # via langsmith
packaging==24.2
    # via
    #   huggingface-hub
    #   langchain-core
    #   langsmith
    #   marshmallow
    #   transformers
pillow==11.1.0
    # via sentence-transformers
ply==3.11
    # via jsonpath-ng
propcache==0.3.1
    # via
    #   aiohttp
    #   yarl
pydantic==2.11.3
    # via
    #   langchain
    #   langchain-core
    #   langsmith
    #   pydantic-settings
    #   redisvl
pydantic-core==2.33.1
    # via pydantic
pydantic-settings==2.8.1
    # via langchain-community
python-dotenv==1.1.0
    # via
    #   -r requirements.txt
    #   pydantic-settings
python-ulid==3.0.0
    # via redisvl
pyyaml==6.0.2
    # via
    #   huggingface-hub
    #   langchain
    #   langchain-community
    #   langchain-core
    #   redisvl
    #   transformers
redis==5.2.1
    # via
    #   -r requirements.txt
    #   redisvl
redisvl==0.5.2
    # via -r requirements.txt
regex==2024.11.6
    # via
    #   nltk
    #   transformers
requests==2.32.3
    # via
    #   huggingface-hub
    #   langchain
    #   langchain-community
    #   langsmith
    #   requests-toolbelt
    #   transformers
requests-toolbelt==1.0.0
    # via langsmith
safetensors==0.5.3
    # via transformers
scikit-learn==1.6.1
    # via sentence-transformers
scipy==1.15.2
    # via
    #   scikit-learn
    #   sentence-transformers
sentence-transformers==4.0.2
    # via langchain-huggingface
sniffio==1.3.1
    # via anyio
sqlalchemy==2.0.40
    # via
    #   langchain
    #   langchain-community
sympy==1.13.1
    # via torch
tabulate==0.9.0
    # via redisvl
tenacity==9.1.2
    # via
    #   langchain-community
    #   langchain-core
    #   redisvl
threadpoolctl==3.6.0
    # via scikit-learn
tokenizers==0.21.1
    # via
    #   langchain-huggingface
    #   transformers
torch==2.6.0
    # via
    #   -r requirements.txt
    #   sentence-transformers
tqdm==4.67.1
    # via
    #   -r requirements.txt
    #   huggingface-hub
    #   nltk
    #   sentence-transformers
    #   transformers
transformers==4.51.1
    # via
    #   -r requirements.txt
    #   langchain-huggingface
    #   sentence-transformers
triton==3.2.0
    # via torch
typing-extensions==4.13.1
    # via
    #   anyio
    #   huggingface-hub
    #   langchain-core
    #   multidict
    #   pydantic
    #   pydantic-core
    #   sentence-transformers
    #   sqlalchemy
    #   torch
    #   typing-inspect
    #   typing-inspection
typing-inspect==0.9.0
    # via dataclasses-json
typing-inspection==0.4.0
    # via pydantic
urllib3==2.3.0
    # via requests
werkzeug==3.1.3
    # via
    #   flask
    #   flask-cors
yarl==1.19.0
    # via aiohttp
zstandard==0.23.0
    # via langsmith
